
Microsoft Visual Studio Solution File, Format Version 12.00
# Visual Studio Version 17
VisualStudioVersion = 17.4.33205.214
MinimumVisualStudioVersion = 10.0.40219.1
Project("{FAE04EC0-301F-11D3-BF4B-00C04F79EFBC}") = "ileri_web_programlama", "hafta1\ileri_web_programlama.csproj", "{84335D7A-1B61-48D2-9414-E9A49B6BBF77}"
EndProject
Global
	GlobalSection(SolutionConfigurationPlatforms) = preSolution
		Debug|Any CPU = Debug|Any CPU
		Release|Any CPU = Release|Any CPU
	EndGlobalSection
	GlobalSection(ProjectConfigurationPlatforms) = postSolution
		{84335D7A-1B61-48D2-9414-E9A49B6BBF77}.Debug|Any CPU.ActiveCfg = Debug|Any CPU
		{84335D7A-1B61-48D2-9414-E9A49B6BBF77}.Debug|Any CPU.Build.0 = Debug|Any CPU
		{84335D7A-1B61-48D2-9414-E9A49B6BBF77}.Release|Any CPU.ActiveCfg = Release|Any CPU
		{84335D7A-1B61-48D2-9414-E9A49B6BBF77}.Release|Any CPU.Build.0 = Release|Any CPU
	EndGlobalSection
	GlobalSection(SolutionProperties) = preSolution
		HideSolutionNode = FALSE
	EndGlobalSection
	GlobalSection(ExtensibilityGlobals) = postSolution
		SolutionGuid = {09CA277E-E5D6-4394-B425-D326576FAFA1}
	EndGlobalSection
EndGlobal
